
Microsoft Visual Studio Solution File, Format Version 12.00
# Visual Studio 15
VisualStudioVersion = 15.0.28307.136
MinimumVisualStudioVersion = 10.0.40219.1
Project("{FAE04EC0-301F-11D3-BF4B-00C04F79EFBC}") = "ExRegistryHiveLib", "ExRegistryHiveLib\ExRegistryHiveLib.csproj", "{B1FC4920-1C55-47D0-A70C-2F94D8221F95}"
EndProject
Project("{FAE04EC0-301F-11D3-BF4B-00C04F79EFBC}") = "ExRegistryHiveSample", "ExRegistryHiveSample\ExRegistryHiveSample.csproj", "{A2649995-96EC-4FCA-A51A-38C260AB60D8}"
EndProject
Global
	GlobalSection(SolutionConfigurationPlatforms) = preSolution
		Debug|Any CPU = Debug|Any CPU
		Release|Any CPU = Release|Any CPU
	EndGlobalSection
	GlobalSection(ProjectConfigurationPlatforms) = postSolution
		{B1FC4920-1C55-47D0-A70C-2F94D8221F95}.Debug|Any CPU.ActiveCfg = Debug|Any CPU
		{B1FC4920-1C55-47D0-A70C-2F94D8221F95}.Debug|Any CPU.Build.0 = Debug|Any CPU
		{B1FC4920-1C55-47D0-A70C-2F94D8221F95}.Release|Any CPU.ActiveCfg = Release|Any CPU
		{B1FC4920-1C55-47D0-A70C-2F94D8221F95}.Release|Any CPU.Build.0 = Release|Any CPU
		{A2649995-96EC-4FCA-A51A-38C260AB60D8}.Debug|Any CPU.ActiveCfg = Debug|Any CPU
		{A2649995-96EC-4FCA-A51A-38C260AB60D8}.Debug|Any CPU.Build.0 = Debug|Any CPU
		{A2649995-96EC-4FCA-A51A-38C260AB60D8}.Release|Any CPU.ActiveCfg = Release|Any CPU
		{A2649995-96EC-4FCA-A51A-38C260AB60D8}.Release|Any CPU.Build.0 = Release|Any CPU
	EndGlobalSection
	GlobalSection(SolutionProperties) = preSolution
		HideSolutionNode = FALSE
	EndGlobalSection
	GlobalSection(ExtensibilityGlobals) = postSolution
		SolutionGuid = {BBB1B658-696A-4E77-BB7E-BC3ED82E8A17}
	EndGlobalSection
EndGlobal
